
Microsoft Visual Studio Solution File, Format Version 12.00
# Visual Studio Version 17
VisualStudioVersion = 17.13.35825.156 d17.13
MinimumVisualStudioVersion = 10.0.40219.1
Project("{FAE04EC0-301F-11D3-BF4B-00C04F79EFBC}") = "Leetcode", "Leetcode\Leetcode.csproj", "{1CC1E597-C9B5-48B9-8E7A-624CD17BEF5A}"
EndProject
Global
	GlobalSection(SolutionConfigurationPlatforms) = preSolution
		Debug|Any CPU = Debug|Any CPU
		Release|Any CPU = Release|Any CPU
	EndGlobalSection
	GlobalSection(ProjectConfigurationPlatforms) = postSolution
		{1CC1E597-C9B5-48B9-8E7A-624CD17BEF5A}.Debug|Any CPU.ActiveCfg = Debug|Any CPU
		{1CC1E597-C9B5-48B9-8E7A-624CD17BEF5A}.Debug|Any CPU.Build.0 = Debug|Any CPU
		{1CC1E597-C9B5-48B9-8E7A-624CD17BEF5A}.Release|Any CPU.ActiveCfg = Release|Any CPU
		{1CC1E597-C9B5-48B9-8E7A-624CD17BEF5A}.Release|Any CPU.Build.0 = Release|Any CPU
	EndGlobalSection
	GlobalSection(SolutionProperties) = preSolution
		HideSolutionNode = FALSE
	EndGlobalSection
	GlobalSection(ExtensibilityGlobals) = postSolution
		SolutionGuid = {EA776CF4-75B3-457E-B39C-496772BD2DD7}
	EndGlobalSection
EndGlobal
